{
  "name": "@cheddar-logic/adapters",
  "version": "1.0.0",
  "lockfileVersion": 3,
  "requires": true,
  "packages": {
    "": {
      "name": "@cheddar-logic/adapters",
      "version": "1.0.0",
      "license": "ISC",
      "dependencies": {
        "@cheddar-logic/data": "file:../data",
        "uuid": "^9.0.0"
      }
    },
    "../data": {
      "name": "@cheddar-logic/data",
      "version": "1.0.0",
      "license": "ISC",
      "dependencies": {
        "dotenv": "^16.3.0",
        "sql.js": "^1.14.0"
      },
      "devDependencies": {
        "jest": "^29.7.0"
      }
    },
    "node_modules/@cheddar-logic/data": {
      "resolved": "../data",
      "link": true
    },
    "node_modules/uuid": {
      "version": "9.0.1",
      "resolved": "https://registry.npmjs.org/uuid/-/uuid-9.0.1.tgz",
      "integrity": "sha512-b+1eJOlsR9K8HJpow9Ok3fiWOWSIcIzXodvv0rQjVoOVNpWMpxf1wZNpt4y9h10odCNrqnYp1OBzRktckBe3sA==",
      "funding": [
        "https://github.com/sponsors/broofa",
        "https://github.com/sponsors/ctavan"
      ],
      "license": "MIT",
      "bin": {
        "uuid": "dist/bin/uuid"
      }
    }
  }
}
